
Microsoft Visual Studio Solution File, Format Version 11.00
# Visual C# Express 2010
Project("{FAE04EC0-301F-11D3-BF4B-00C04F79EFBC}") = "CompilableTypeConverter", "CompilableTypeConverter\CompilableTypeConverter.csproj", "{3D937713-35FE-4324-B0F6-E0DB413C9128}"
EndProject
Project("{FAE04EC0-301F-11D3-BF4B-00C04F79EFBC}") = "DemoApp", "DemoApp\DemoApp.csproj", "{703D3BD0-4504-45C5-ACC4-216AECE560FF}"
EndProject
Project("{FAE04EC0-301F-11D3-BF4B-00C04F79EFBC}") = "UnitTesting", "UnitTesting\UnitTesting.csproj", "{5CF60504-C3F6-4F58-9EAD-74763DC49405}"
EndProject
Project("{FAE04EC0-301F-11D3-BF4B-00C04F79EFBC}") = "AutoMapperIntegration", "AutoMapperIntegration\AutoMapperIntegration.csproj", "{CC3627EE-ECFB-47C2-9BEF-C623A2103F85}"
EndProject
Project("{FAE04EC0-301F-11D3-BF4B-00C04F79EFBC}") = "CompilableTypeConverterQueryableExtensions", "CompilableTypeConverterQueryableExtensions\CompilableTypeConverterQueryableExtensions.csproj", "{9BD5BCBB-1EAC-4872-8B99-81E7C8EEBDA5}"
EndProject
Global
	GlobalSection(SolutionConfigurationPlatforms) = preSolution
		Debug|Any CPU = Debug|Any CPU
		Release|Any CPU = Release|Any CPU
	EndGlobalSection
	GlobalSection(ProjectConfigurationPlatforms) = postSolution
		{3D937713-35FE-4324-B0F6-E0DB413C9128}.Debug|Any CPU.ActiveCfg = Debug|Any CPU
		{3D937713-35FE-4324-B0F6-E0DB413C9128}.Debug|Any CPU.Build.0 = Debug|Any CPU
		{3D937713-35FE-4324-B0F6-E0DB413C9128}.Release|Any CPU.ActiveCfg = Release|Any CPU
		{3D937713-35FE-4324-B0F6-E0DB413C9128}.Release|Any CPU.Build.0 = Release|Any CPU
		{703D3BD0-4504-45C5-ACC4-216AECE560FF}.Debug|Any CPU.ActiveCfg = Debug|Any CPU
		{703D3BD0-4504-45C5-ACC4-216AECE560FF}.Debug|Any CPU.Build.0 = Debug|Any CPU
		{703D3BD0-4504-45C5-ACC4-216AECE560FF}.Release|Any CPU.ActiveCfg = Release|Any CPU
		{703D3BD0-4504-45C5-ACC4-216AECE560FF}.Release|Any CPU.Build.0 = Release|Any CPU
		{5CF60504-C3F6-4F58-9EAD-74763DC49405}.Debug|Any CPU.ActiveCfg = Debug|Any CPU
		{5CF60504-C3F6-4F58-9EAD-74763DC49405}.Debug|Any CPU.Build.0 = Debug|Any CPU
		{5CF60504-C3F6-4F58-9EAD-74763DC49405}.Release|Any CPU.ActiveCfg = Release|Any CPU
		{5CF60504-C3F6-4F58-9EAD-74763DC49405}.Release|Any CPU.Build.0 = Release|Any CPU
		{CC3627EE-ECFB-47C2-9BEF-C623A2103F85}.Debug|Any CPU.ActiveCfg = Debug|Any CPU
		{CC3627EE-ECFB-47C2-9BEF-C623A2103F85}.Debug|Any CPU.Build.0 = Debug|Any CPU
		{CC3627EE-ECFB-47C2-9BEF-C623A2103F85}.Release|Any CPU.ActiveCfg = Release|Any CPU
		{CC3627EE-ECFB-47C2-9BEF-C623A2103F85}.Release|Any CPU.Build.0 = Release|Any CPU
		{9BD5BCBB-1EAC-4872-8B99-81E7C8EEBDA5}.Debug|Any CPU.ActiveCfg = Debug|Any CPU
		{9BD5BCBB-1EAC-4872-8B99-81E7C8EEBDA5}.Debug|Any CPU.Build.0 = Debug|Any CPU
		{9BD5BCBB-1EAC-4872-8B99-81E7C8EEBDA5}.Release|Any CPU.ActiveCfg = Release|Any CPU
		{9BD5BCBB-1EAC-4872-8B99-81E7C8EEBDA5}.Release|Any CPU.Build.0 = Release|Any CPU
	EndGlobalSection
	GlobalSection(SolutionProperties) = preSolution
		HideSolutionNode = FALSE
	EndGlobalSection
EndGlobal
